
Microsoft Visual Studio Solution File, Format Version 11.00
# Visual Studio 2010
Project("{FAE04EC0-301F-11D3-BF4B-00C04F79EFBC}") = "Assembly-CSharp", "Assembly-CSharp.csproj", "{a87a4634-bbdc-86b7-2de7-70905b7aee8c}"
EndProject
Project("{FAE04EC0-301F-11D3-BF4B-00C04F79EFBC}") = "Assembly-CSharp-firstpass", "Assembly-CSharp-firstpass.csproj", "{5e0a9a88-4b52-9584-9997-f0489d5294a6}"
EndProject
Project("{FAE04EC0-301F-11D3-BF4B-00C04F79EFBC}") = "Assembly-CSharp-Editor", "Assembly-CSharp-Editor.csproj", "{c50f239c-1cd6-6a37-9646-ba251f329269}"
EndProject
Global
	GlobalSection(SolutionConfigurationPlatforms) = preSolution
		Debug|Any CPU = Debug|Any CPU
	EndGlobalSection
	GlobalSection(ProjectConfigurationPlatforms) = postSolution
		{a87a4634-bbdc-86b7-2de7-70905b7aee8c}.Debug|Any CPU.ActiveCfg = Debug|Any CPU
		{a87a4634-bbdc-86b7-2de7-70905b7aee8c}.Debug|Any CPU.Build.0 = Debug|Any CPU
		{5e0a9a88-4b52-9584-9997-f0489d5294a6}.Debug|Any CPU.ActiveCfg = Debug|Any CPU
		{5e0a9a88-4b52-9584-9997-f0489d5294a6}.Debug|Any CPU.Build.0 = Debug|Any CPU
		{c50f239c-1cd6-6a37-9646-ba251f329269}.Debug|Any CPU.ActiveCfg = Debug|Any CPU
		{c50f239c-1cd6-6a37-9646-ba251f329269}.Debug|Any CPU.Build.0 = Debug|Any CPU
	EndGlobalSection
	GlobalSection(SolutionProperties) = preSolution
		HideSolutionNode = FALSE
	EndGlobalSection
EndGlobal
